
Microsoft Visual Studio Solution File, Format Version 12.00
# Visual Studio Version 16
VisualStudioVersion = 16.0.28803.202
MinimumVisualStudioVersion = 10.0.40219.1
Project("{FAE04EC0-301F-11D3-BF4B-00C04F79EFBC}") = "Read_UCI_Data", "Read_UCI_Data\Read_UCI_Data.csproj", "{7ABB4658-2C56-45FA-8795-599863618462}"
EndProject
Global
	GlobalSection(SolutionConfigurationPlatforms) = preSolution
		Debug|Any CPU = Debug|Any CPU
		Release|Any CPU = Release|Any CPU
	EndGlobalSection
	GlobalSection(ProjectConfigurationPlatforms) = postSolution
		{7ABB4658-2C56-45FA-8795-599863618462}.Debug|Any CPU.ActiveCfg = Debug|Any CPU
		{7ABB4658-2C56-45FA-8795-599863618462}.Debug|Any CPU.Build.0 = Debug|Any CPU
		{7ABB4658-2C56-45FA-8795-599863618462}.Release|Any CPU.ActiveCfg = Release|Any CPU
		{7ABB4658-2C56-45FA-8795-599863618462}.Release|Any CPU.Build.0 = Release|Any CPU
	EndGlobalSection
	GlobalSection(SolutionProperties) = preSolution
		HideSolutionNode = FALSE
	EndGlobalSection
	GlobalSection(ExtensibilityGlobals) = postSolution
		SolutionGuid = {20F5FAD4-8EAB-47C5-A0AA-AF914CF65838}
	EndGlobalSection
EndGlobal
