
Microsoft Visual Studio Solution File, Format Version 12.00
# Visual Studio Version 16
VisualStudioVersion = 16.0.28803.156
MinimumVisualStudioVersion = 10.0.40219.1
Project("{FAE04EC0-301F-11D3-BF4B-00C04F79EFBC}") = "SelectionSort", "SelectionSort\SelectionSort.csproj", "{18CB2CC1-C464-40FA-A53B-109B64E57A61}"
EndProject
Global
	GlobalSection(SolutionConfigurationPlatforms) = preSolution
		Debug|Any CPU = Debug|Any CPU
		Release|Any CPU = Release|Any CPU
	EndGlobalSection
	GlobalSection(ProjectConfigurationPlatforms) = postSolution
		{18CB2CC1-C464-40FA-A53B-109B64E57A61}.Debug|Any CPU.ActiveCfg = Debug|Any CPU
		{18CB2CC1-C464-40FA-A53B-109B64E57A61}.Debug|Any CPU.Build.0 = Debug|Any CPU
		{18CB2CC1-C464-40FA-A53B-109B64E57A61}.Release|Any CPU.ActiveCfg = Release|Any CPU
		{18CB2CC1-C464-40FA-A53B-109B64E57A61}.Release|Any CPU.Build.0 = Release|Any CPU
	EndGlobalSection
	GlobalSection(SolutionProperties) = preSolution
		HideSolutionNode = FALSE
	EndGlobalSection
	GlobalSection(ExtensibilityGlobals) = postSolution
		SolutionGuid = {E3ABCC03-3033-4EAE-BE9C-3358EB6C7866}
	EndGlobalSection
EndGlobal
