
Microsoft Visual Studio Solution File, Format Version 12.00
# Visual Studio 15
VisualStudioVersion = 15.0.28307.421
MinimumVisualStudioVersion = 10.0.40219.1
Project("{FAE04EC0-301F-11D3-BF4B-00C04F79EFBC}") = "Thermometer", "Thermometer\Thermometer.csproj", "{3D77BC89-4005-4BD5-A2EF-B89ADED691E6}"
EndProject
Project("{FAE04EC0-301F-11D3-BF4B-00C04F79EFBC}") = "ThermometerTests", "ThermometerTests\ThermometerTests.csproj", "{08F7EDDA-0A38-4AA3-AC91-7B206E1FF945}"
EndProject
Global
	GlobalSection(SolutionConfigurationPlatforms) = preSolution
		Debug|Any CPU = Debug|Any CPU
		Release|Any CPU = Release|Any CPU
	EndGlobalSection
	GlobalSection(ProjectConfigurationPlatforms) = postSolution
		{3D77BC89-4005-4BD5-A2EF-B89ADED691E6}.Debug|Any CPU.ActiveCfg = Debug|Any CPU
		{3D77BC89-4005-4BD5-A2EF-B89ADED691E6}.Debug|Any CPU.Build.0 = Debug|Any CPU
		{3D77BC89-4005-4BD5-A2EF-B89ADED691E6}.Release|Any CPU.ActiveCfg = Release|Any CPU
		{3D77BC89-4005-4BD5-A2EF-B89ADED691E6}.Release|Any CPU.Build.0 = Release|Any CPU
		{08F7EDDA-0A38-4AA3-AC91-7B206E1FF945}.Debug|Any CPU.ActiveCfg = Debug|Any CPU
		{08F7EDDA-0A38-4AA3-AC91-7B206E1FF945}.Debug|Any CPU.Build.0 = Debug|Any CPU
		{08F7EDDA-0A38-4AA3-AC91-7B206E1FF945}.Release|Any CPU.ActiveCfg = Release|Any CPU
		{08F7EDDA-0A38-4AA3-AC91-7B206E1FF945}.Release|Any CPU.Build.0 = Release|Any CPU
	EndGlobalSection
	GlobalSection(SolutionProperties) = preSolution
		HideSolutionNode = FALSE
	EndGlobalSection
	GlobalSection(ExtensibilityGlobals) = postSolution
		SolutionGuid = {E7D98F13-1234-4703-90F7-DCB1B6AA2CCB}
	EndGlobalSection
EndGlobal
