
Microsoft Visual Studio Solution File, Format Version 12.00
# Visual Studio Version 16
VisualStudioVersion = 16.0.28803.352
MinimumVisualStudioVersion = 10.0.40219.1
Project("{FAE04EC0-301F-11D3-BF4B-00C04F79EFBC}") = "EntityFrameWork", "EntityFrameWork\EntityFrameWork.csproj", "{872DCE79-737C-4145-B235-CAB2B9774CCC}"
EndProject
Global
	GlobalSection(SolutionConfigurationPlatforms) = preSolution
		Debug|Any CPU = Debug|Any CPU
		Release|Any CPU = Release|Any CPU
	EndGlobalSection
	GlobalSection(ProjectConfigurationPlatforms) = postSolution
		{872DCE79-737C-4145-B235-CAB2B9774CCC}.Debug|Any CPU.ActiveCfg = Debug|Any CPU
		{872DCE79-737C-4145-B235-CAB2B9774CCC}.Debug|Any CPU.Build.0 = Debug|Any CPU
		{872DCE79-737C-4145-B235-CAB2B9774CCC}.Release|Any CPU.ActiveCfg = Release|Any CPU
		{872DCE79-737C-4145-B235-CAB2B9774CCC}.Release|Any CPU.Build.0 = Release|Any CPU
	EndGlobalSection
	GlobalSection(SolutionProperties) = preSolution
		HideSolutionNode = FALSE
	EndGlobalSection
	GlobalSection(ExtensibilityGlobals) = postSolution
		SolutionGuid = {6BFEABCD-5DEC-4E3A-9289-7F64BF732FC0}
	EndGlobalSection
EndGlobal
