
Microsoft Visual Studio Solution File, Format Version 12.00
# Visual Studio 15
VisualStudioVersion = 15.0.28307.421
MinimumVisualStudioVersion = 10.0.40219.1
Project("{FAE04EC0-301F-11D3-BF4B-00C04F79EFBC}") = "LongestWordInAString", "LongestWordInAString\LongestWordInAString.csproj", "{B881D916-ECF7-471F-83BF-CB7DA7041830}"
EndProject
Global
	GlobalSection(SolutionConfigurationPlatforms) = preSolution
		Debug|Any CPU = Debug|Any CPU
		Release|Any CPU = Release|Any CPU
	EndGlobalSection
	GlobalSection(ProjectConfigurationPlatforms) = postSolution
		{B881D916-ECF7-471F-83BF-CB7DA7041830}.Debug|Any CPU.ActiveCfg = Debug|Any CPU
		{B881D916-ECF7-471F-83BF-CB7DA7041830}.Debug|Any CPU.Build.0 = Debug|Any CPU
		{B881D916-ECF7-471F-83BF-CB7DA7041830}.Release|Any CPU.ActiveCfg = Release|Any CPU
		{B881D916-ECF7-471F-83BF-CB7DA7041830}.Release|Any CPU.Build.0 = Release|Any CPU
	EndGlobalSection
	GlobalSection(SolutionProperties) = preSolution
		HideSolutionNode = FALSE
	EndGlobalSection
	GlobalSection(ExtensibilityGlobals) = postSolution
		SolutionGuid = {5CE450F1-DC4D-457B-B49A-28A14F653002}
	EndGlobalSection
EndGlobal
